
Microsoft Visual Studio Solution File, Format Version 12.00
# Visual Studio Version 17
VisualStudioVersion = 17.5.002.0
MinimumVisualStudioVersion = 10.0.40219.1
Project("{9A19103F-16F7-4668-BE54-9A1E7A4F7556}") = "DesafioFundamentos", "DesafioFundamentos\DesafioFundamentos.csproj", "{3FB2A8AB-E154-4BFE-8C5A-4230B8E8906C}"
EndProject
Global
	GlobalSection(SolutionConfigurationPlatforms) = preSolution
		Debug|Any CPU = Debug|Any CPU
		Release|Any CPU = Release|Any CPU
	EndGlobalSection
	GlobalSection(ProjectConfigurationPlatforms) = postSolution
		{3FB2A8AB-E154-4BFE-8C5A-4230B8E8906C}.Debug|Any CPU.ActiveCfg = Debug|Any CPU
		{3FB2A8AB-E154-4BFE-8C5A-4230B8E8906C}.Debug|Any CPU.Build.0 = Debug|Any CPU
		{3FB2A8AB-E154-4BFE-8C5A-4230B8E8906C}.Release|Any CPU.ActiveCfg = Release|Any CPU
		{3FB2A8AB-E154-4BFE-8C5A-4230B8E8906C}.Release|Any CPU.Build.0 = Release|Any CPU
	EndGlobalSection
	GlobalSection(SolutionProperties) = preSolution
		HideSolutionNode = FALSE
	EndGlobalSection
	GlobalSection(ExtensibilityGlobals) = postSolution
		SolutionGuid = {A101A0ED-492C-4A39-8F1F-4772DE7EE7F7}
	EndGlobalSection
EndGlobal
